golang.org/x/sys v0.0.0-20211209171907-798191bca915 h1:P+8mCzuEpyszAT6T42q0sxU+eveBAF/cJ2Kp0x6/8+0=
golang.org/x/sys v0.0.0-20211209171907-798191bca915/go.mod h1:oPkhp1MJrh7nUepCBck5+mAzfO9JrbApNNgaTdGDITg=
golang.org/x/sys v0.0.0-20220818161305-2296e01440c6 h1:Sx/u41w+OwrInGdEckYmEuU5gHoGSL4QbDz3S9s6j4U=
golang.org/x/sys v0.0.0-20220818161305-2296e01440c6/go.mod h1:oPkhp1MJrh7nUepCBck5+mAzfO9JrbApNNgaTdGDITg=
